<?xml version="1.0" encoding="UTF-8"?>
<CONFIG>
  <ProjectOptions>
    <Version Value="12"/>
    <PathDelim Value="/"/>
    <General>
      <MainUnit Value="0"/>
      <Title Value="24_notepad_plus"/>
      <UseXPManifest Value="True"/>
    </General>
    <BuildModes Count="1">
      <Item1 Name="Default" Default="True"/>
    </BuildModes>
    <RequiredPackages Count="1">
      <Item1>
        <PackageName Value="LCL"/>
      </Item1>
    </RequiredPackages>
    <Units Count="3">
      <Unit0>
        <Filename Value="24_notepad_plus.lpr"/>
        <IsPartOfProject Value="True"/>
      </Unit0>
      <Unit1>
        <Filename Value="unotepad.pas"/>
        <IsPartOfProject Value="True"/>
      </Unit1>
      <Unit2>
        <Filename Value="uchecks.pas"/>
        <IsPartOfProject Value="True"/>
      </Unit2>
    </Units>
  </ProjectOptions>
  <CompilerOptions>
    <Version Value="11"/>
    <PathDelim Value="/"/>
    <SearchPaths>
      <UnitOutputDirectory Value="lib/$(TargetCPU)-$(TargetOS)"/>
    </SearchPaths>
  </CompilerOptions>
</CONFIG>
